
Microsoft Visual Studio Solution File, Format Version 11.00
# Visual Studio 2010
Project("{F184B08F-C81C-45F6-A57F-5ABD9991F28F}") = "DistriTodoSistema", "DistriTodoSistema\DistriTodoSistema.vbproj", "{079AF5F0-876B-438A-B2B5-A7C57060CFBE}"
EndProject
Global
	GlobalSection(SolutionConfigurationPlatforms) = preSolution
		Debug|x86 = Debug|x86
		Release|x86 = Release|x86
	EndGlobalSection
	GlobalSection(ProjectConfigurationPlatforms) = postSolution
		{079AF5F0-876B-438A-B2B5-A7C57060CFBE}.Debug|x86.ActiveCfg = Debug|x86
		{079AF5F0-876B-438A-B2B5-A7C57060CFBE}.Debug|x86.Build.0 = Debug|x86
		{079AF5F0-876B-438A-B2B5-A7C57060CFBE}.Release|x86.ActiveCfg = Release|x86
		{079AF5F0-876B-438A-B2B5-A7C57060CFBE}.Release|x86.Build.0 = Release|x86
	EndGlobalSection
	GlobalSection(SolutionProperties) = preSolution
		HideSolutionNode = FALSE
	EndGlobalSection
EndGlobal
